
Microsoft Visual Studio Solution File, Format Version 12.00
# Visual Studio Version 17
VisualStudioVersion = 17.12.35527.113
MinimumVisualStudioVersion = 10.0.40219.1
Project("{8BC9CEB8-8B4A-11D0-8D11-00A0C91BC942}") = "Shared", "VC143\Shared.vcxproj", "{ED34E16D-E7DF-4F2C-889A-380A2332CD7B}"
EndProject
Project("{8BC9CEB8-8B4A-11D0-8D11-00A0C91BC942}") = "Dump_example", "VC143\Dump_example.vcxproj", "{5FF49C28-89D8-4856-9F84-A0BAF39EC425}"
EndProject
Project("{8BC9CEB8-8B4A-11D0-8D11-00A0C91BC942}") = "Log_Example", "VC143\Log_Example.vcxproj", "{EF42B08F-3C31-438D-8213-0BDF7A0E8FE6}"
	ProjectSection(ProjectDependencies) = postProject
		{ED34E16D-E7DF-4F2C-889A-380A2332CD7B} = {ED34E16D-E7DF-4F2C-889A-380A2332CD7B}
	EndProjectSection
EndProject
Global
	GlobalSection(SolutionConfigurationPlatforms) = preSolution
		Debug|x64 = Debug|x64
		Debug|x86 = Debug|x86
		Release|x64 = Release|x64
		Release|x86 = Release|x86
	EndGlobalSection
	GlobalSection(ProjectConfigurationPlatforms) = postSolution
		{ED34E16D-E7DF-4F2C-889A-380A2332CD7B}.Debug|x64.ActiveCfg = Debug|x64
		{ED34E16D-E7DF-4F2C-889A-380A2332CD7B}.Debug|x64.Build.0 = Debug|x64
		{ED34E16D-E7DF-4F2C-889A-380A2332CD7B}.Debug|x86.ActiveCfg = Debug|Win32
		{ED34E16D-E7DF-4F2C-889A-380A2332CD7B}.Debug|x86.Build.0 = Debug|Win32
		{ED34E16D-E7DF-4F2C-889A-380A2332CD7B}.Release|x64.ActiveCfg = Release|x64
		{ED34E16D-E7DF-4F2C-889A-380A2332CD7B}.Release|x64.Build.0 = Release|x64
		{ED34E16D-E7DF-4F2C-889A-380A2332CD7B}.Release|x86.ActiveCfg = Release|Win32
		{ED34E16D-E7DF-4F2C-889A-380A2332CD7B}.Release|x86.Build.0 = Release|Win32
		{5FF49C28-89D8-4856-9F84-A0BAF39EC425}.Debug|x64.ActiveCfg = Debug|x64
		{5FF49C28-89D8-4856-9F84-A0BAF39EC425}.Debug|x64.Build.0 = Debug|x64
		{5FF49C28-89D8-4856-9F84-A0BAF39EC425}.Debug|x86.ActiveCfg = Debug|Win32
		{5FF49C28-89D8-4856-9F84-A0BAF39EC425}.Debug|x86.Build.0 = Debug|Win32
		{5FF49C28-89D8-4856-9F84-A0BAF39EC425}.Release|x64.ActiveCfg = Release|x64
		{5FF49C28-89D8-4856-9F84-A0BAF39EC425}.Release|x64.Build.0 = Release|x64
		{5FF49C28-89D8-4856-9F84-A0BAF39EC425}.Release|x86.ActiveCfg = Release|Win32
		{5FF49C28-89D8-4856-9F84-A0BAF39EC425}.Release|x86.Build.0 = Release|Win32
		{EF42B08F-3C31-438D-8213-0BDF7A0E8FE6}.Debug|x64.ActiveCfg = Debug|x64
		{EF42B08F-3C31-438D-8213-0BDF7A0E8FE6}.Debug|x64.Build.0 = Debug|x64
		{EF42B08F-3C31-438D-8213-0BDF7A0E8FE6}.Debug|x86.ActiveCfg = Debug|Win32
		{EF42B08F-3C31-438D-8213-0BDF7A0E8FE6}.Debug|x86.Build.0 = Debug|Win32
		{EF42B08F-3C31-438D-8213-0BDF7A0E8FE6}.Release|x64.ActiveCfg = Release|x64
		{EF42B08F-3C31-438D-8213-0BDF7A0E8FE6}.Release|x64.Build.0 = Release|x64
		{EF42B08F-3C31-438D-8213-0BDF7A0E8FE6}.Release|x86.ActiveCfg = Release|Win32
		{EF42B08F-3C31-438D-8213-0BDF7A0E8FE6}.Release|x86.Build.0 = Release|Win32
	EndGlobalSection
	GlobalSection(SolutionProperties) = preSolution
		HideSolutionNode = FALSE
	EndGlobalSection
EndGlobal
