
Microsoft Visual Studio Solution File, Format Version 12.00
# Visual Studio Version 17
VisualStudioVersion = 17.6.33815.320
MinimumVisualStudioVersion = 10.0.40219.1
Project("{8BC9CEB8-8B4A-11D0-8D11-00A0C91BC942}") = "iocpSrv", "iocpSrv\iocp.vcxproj", "{ADD36758-86CF-4F79-8E55-154E90FEF336}"
EndProject
Project("{8BC9CEB8-8B4A-11D0-8D11-00A0C91BC942}") = "iocpClt", "iocpClt\iocpClt.vcxproj", "{88C9A59B-96EF-442A-8465-B757E8CBFDBB}"
EndProject
Global
	GlobalSection(SolutionConfigurationPlatforms) = preSolution
		Debug|x64 = Debug|x64
		Debug|x86 = Debug|x86
		Release|x64 = Release|x64
		Release|x86 = Release|x86
	EndGlobalSection
	GlobalSection(ProjectConfigurationPlatforms) = postSolution
		{ADD36758-86CF-4F79-8E55-154E90FEF336}.Debug|x64.ActiveCfg = Debug|x64
		{ADD36758-86CF-4F79-8E55-154E90FEF336}.Debug|x64.Build.0 = Debug|x64
		{ADD36758-86CF-4F79-8E55-154E90FEF336}.Debug|x86.ActiveCfg = Debug|Win32
		{ADD36758-86CF-4F79-8E55-154E90FEF336}.Debug|x86.Build.0 = Debug|Win32
		{ADD36758-86CF-4F79-8E55-154E90FEF336}.Release|x64.ActiveCfg = Release|x64
		{ADD36758-86CF-4F79-8E55-154E90FEF336}.Release|x64.Build.0 = Release|x64
		{ADD36758-86CF-4F79-8E55-154E90FEF336}.Release|x86.ActiveCfg = Release|Win32
		{ADD36758-86CF-4F79-8E55-154E90FEF336}.Release|x86.Build.0 = Release|Win32
		{88C9A59B-96EF-442A-8465-B757E8CBFDBB}.Debug|x64.ActiveCfg = Debug|x64
		{88C9A59B-96EF-442A-8465-B757E8CBFDBB}.Debug|x64.Build.0 = Debug|x64
		{88C9A59B-96EF-442A-8465-B757E8CBFDBB}.Debug|x86.ActiveCfg = Debug|Win32
		{88C9A59B-96EF-442A-8465-B757E8CBFDBB}.Debug|x86.Build.0 = Debug|Win32
		{88C9A59B-96EF-442A-8465-B757E8CBFDBB}.Release|x64.ActiveCfg = Release|x64
		{88C9A59B-96EF-442A-8465-B757E8CBFDBB}.Release|x64.Build.0 = Release|x64
		{88C9A59B-96EF-442A-8465-B757E8CBFDBB}.Release|x86.ActiveCfg = Release|Win32
		{88C9A59B-96EF-442A-8465-B757E8CBFDBB}.Release|x86.Build.0 = Release|Win32
	EndGlobalSection
	GlobalSection(SolutionProperties) = preSolution
		HideSolutionNode = FALSE
	EndGlobalSection
	GlobalSection(ExtensibilityGlobals) = postSolution
		SolutionGuid = {49C02F70-639E-406E-BB8D-D7CBE09F99B4}
	EndGlobalSection
EndGlobal
